// !$*UTF8*$!
{
	archiveVersion = 1;
	classes = {
	};
	objectVersion = 77;
	objects = {

/* Begin PBXFileReference section */
		1DED55722FA18BFF00E1B28D /* Toolkit.app */ = {isa = PBXFileReference; explicitFileType = wrapper.application; includeInIndex = 0; name = "Toolkit.app"; path = Toolkit.app; sourceTree = BUILT_PRODUCTS_DIR; };
		5B0000012FA18BFF00E1B28D /* Toolkit Finder.appex */ = {isa = PBXFileReference; explicitFileType = "wrapper.app-extension"; includeInIndex = 0; path = "Toolkit Finder.appex"; sourceTree = BUILT_PRODUCTS_DIR; };
		8A3C7D212FC7D3F000000001 /* MediaRemoteAdapter.framework */ = {isa = PBXFileReference; lastKnownFileType = wrapper.framework; path = Toolkit/Features/MediaControls/mediaremote-adapter/MediaRemoteAdapter.framework; sourceTree = SOURCE_ROOT; };
/* End PBXFileReference section */

/* Begin PBXBuildFile section */
		5B0000022FA18BFF00E1B28D /* Toolkit Finder.appex in Embed App Extensions */ = {isa = PBXBuildFile; fileRef = 5B0000012FA18BFF00E1B28D /* Toolkit Finder.appex */; settings = {ATTRIBUTES = (RemoveHeadersOnCopy, ); }; };
		8A3C7D202FC7D3F000000001 /* MediaRemoteAdapter.framework in Embed Frameworks */ = {isa = PBXBuildFile; fileRef = 8A3C7D212FC7D3F000000001 /* MediaRemoteAdapter.framework */; settings = {ATTRIBUTES = (CodeSignOnCopy, RemoveHeadersOnCopy, ); }; };
		8A3C7D222FC7D3F000000001 /* MediaRemoteAdapter.framework in Resources */ = {isa = PBXBuildFile; fileRef = 8A3C7D212FC7D3F000000001 /* MediaRemoteAdapter.framework */; };
/* End PBXBuildFile section */

/* Begin PBXContainerItemProxy section */
		5B0000032FA18BFF00E1B28D /* PBXContainerItemProxy */ = {
			isa = PBXContainerItemProxy;
			containerPortal = 1DED556A2FA18BFF00E1B28D /* Project object */;
			proxyType = 1;
			remoteGlobalIDString = 5B0000092FA18BFF00E1B28D;
			remoteInfo = "Toolkit Finder";
		};
/* End PBXContainerItemProxy section */

/* Begin PBXCopyFilesBuildPhase section */
		5B0000042FA18BFF00E1B28D /* Embed App Extensions */ = {
			isa = PBXCopyFilesBuildPhase;
			buildActionMask = 2147483647;
			dstPath = "";
			dstSubfolderSpec = 13;
			files = (
				5B0000022FA18BFF00E1B28D /* Toolkit Finder.appex in Embed App Extensions */,
			);
			name = "Embed App Extensions";
			runOnlyForDeploymentPostprocessing = 0;
		};
		8A3C7D232FC7D3F000000001 /* Embed Frameworks */ = {
			isa = PBXCopyFilesBuildPhase;
			buildActionMask = 2147483647;
			dstPath = "";
			dstSubfolderSpec = 10;
			files = (
				8A3C7D202FC7D3F000000001 /* MediaRemoteAdapter.framework in Embed Frameworks */,
			);
			name = "Embed Frameworks";
			runOnlyForDeploymentPostprocessing = 0;
		};
/* End PBXCopyFilesBuildPhase section */

/* Begin PBXFileSystemSynchronizedRootGroup section */
		1DED55742FA18BFF00E1B28D /* Toolkit */ = {
			isa = PBXFileSystemSynchronizedRootGroup;
			path = "Toolkit";
			sourceTree = "<group>";
		};
		5B0000052FA18BFF00E1B28D /* ToolkitShareExtension */ = {
			isa = PBXFileSystemSynchronizedRootGroup;
			path = ToolkitShareExtension;
			sourceTree = "<group>";
		};
/* End PBXFileSystemSynchronizedRootGroup section */

/* Begin PBXFrameworksBuildPhase section */
		1DED556F2FA18BFF00E1B28D /* Frameworks */ = {
			isa = PBXFrameworksBuildPhase;
			buildActionMask = 2147483647;
			files = (
			);
			runOnlyForDeploymentPostprocessing = 0;
		};
		5B0000062FA18BFF00E1B28D /* Frameworks */ = {
			isa = PBXFrameworksBuildPhase;
			buildActionMask = 2147483647;
			files = (
			);
			runOnlyForDeploymentPostprocessing = 0;
		};
/* End PBXFrameworksBuildPhase section */

/* Begin PBXGroup section */
		1DED55692FA18BFF00E1B28D = {
			isa = PBXGroup;
			children = (
				1DED55742FA18BFF00E1B28D /* Toolkit */,
				5B0000052FA18BFF00E1B28D /* ToolkitShareExtension */,
				1DED55732FA18BFF00E1B28D /* Products */,
			);
			sourceTree = "<group>";
		};
		1DED55732FA18BFF00E1B28D /* Products */ = {
			isa = PBXGroup;
			children = (
				1DED55722FA18BFF00E1B28D /* Toolkit.app */,
				5B0000012FA18BFF00E1B28D /* Toolkit Finder.appex */,
			);
			name = Products;
			sourceTree = "<group>";
		};
/* End PBXGroup section */

/* Begin PBXNativeTarget section */
		1DED55712FA18BFF00E1B28D /* Toolkit */ = {
			isa = PBXNativeTarget;
			buildConfigurationList = 1DED557D2FA18C0100E1B28D /* Build configuration list for PBXNativeTarget "Toolkit" */;
			buildPhases = (
				1DED556E2FA18BFF00E1B28D /* Sources */,
				1DED556F2FA18BFF00E1B28D /* Frameworks */,
				1DED55702FA18BFF00E1B28D /* Resources */,
				5B0000042FA18BFF00E1B28D /* Embed App Extensions */,
				8A3C7D232FC7D3F000000001 /* Embed Frameworks */,
			);
			buildRules = (
			);
			dependencies = (
				5B0000072FA18BFF00E1B28D /* PBXTargetDependency */,
			);
			fileSystemSynchronizedGroups = (
				1DED55742FA18BFF00E1B28D /* Toolkit */,
			);
			name = "Toolkit";
			packageProductDependencies = (
			);
			productName = "Toolkit";
			productReference = 1DED55722FA18BFF00E1B28D /* Toolkit.app */;
			productType = "com.apple.product-type.application";
		};
		5B0000092FA18BFF00E1B28D /* Toolkit Finder */ = {
			isa = PBXNativeTarget;
			buildConfigurationList = 5B0000102FA18BFF00E1B28D /* Build configuration list for PBXNativeTarget "Toolkit Finder" */;
			buildPhases = (
				5B00000A2FA18BFF00E1B28D /* Sources */,
				5B0000062FA18BFF00E1B28D /* Frameworks */,
				5B00000B2FA18BFF00E1B28D /* Resources */,
			);
			buildRules = (
			);
			dependencies = (
			);
			fileSystemSynchronizedGroups = (
				5B0000052FA18BFF00E1B28D /* ToolkitShareExtension */,
			);
			name = "Toolkit Finder";
			packageProductDependencies = (
			);
			productName = "Toolkit Finder";
			productReference = 5B0000012FA18BFF00E1B28D /* Toolkit Finder.appex */;
			productType = "com.apple.product-type.app-extension";
		};
/* End PBXNativeTarget section */

/* Begin PBXProject section */
		1DED556A2FA18BFF00E1B28D /* Project object */ = {
			isa = PBXProject;
			attributes = {
				BuildIndependentTargetsInParallel = 1;
				LastSwiftUpdateCheck = 2620;
				LastUpgradeCheck = 2620;
				TargetAttributes = {
					1DED55712FA18BFF00E1B28D = {
						CreatedOnToolsVersion = 26.2;
					};
					5B0000092FA18BFF00E1B28D = {
						CreatedOnToolsVersion = 26.2;
					};
				};
			};
			buildConfigurationList = 1DED556D2FA18BFF00E1B28D /* Build configuration list for PBXProject "Toolkit" */;
			developmentRegion = en;
			hasScannedForEncodings = 0;
			knownRegions = (
				en,
				Base,
			);
			mainGroup = 1DED55692FA18BFF00E1B28D;
			minimizedProjectReferenceProxies = 1;
			preferredProjectObjectVersion = 77;
			productRefGroup = 1DED55732FA18BFF00E1B28D /* Products */;
			projectDirPath = "";
			projectRoot = "";
			targets = (
				1DED55712FA18BFF00E1B28D /* Toolkit */,
				5B0000092FA18BFF00E1B28D /* Toolkit Finder */,
			);
		};
/* End PBXProject section */

/* Begin PBXResourcesBuildPhase section */
		1DED55702FA18BFF00E1B28D /* Resources */ = {
			isa = PBXResourcesBuildPhase;
			buildActionMask = 2147483647;
			files = (
				8A3C7D222FC7D3F000000001 /* MediaRemoteAdapter.framework in Resources */,
			);
			runOnlyForDeploymentPostprocessing = 0;
		};
		5B00000B2FA18BFF00E1B28D /* Resources */ = {
			isa = PBXResourcesBuildPhase;
			buildActionMask = 2147483647;
			files = (
			);
			runOnlyForDeploymentPostprocessing = 0;
		};
/* End PBXResourcesBuildPhase section */

/* Begin PBXSourcesBuildPhase section */
		1DED556E2FA18BFF00E1B28D /* Sources */ = {
			isa = PBXSourcesBuildPhase;
			buildActionMask = 2147483647;
			files = (
			);
			runOnlyForDeploymentPostprocessing = 0;
		};
		5B00000A2FA18BFF00E1B28D /* Sources */ = {
			isa = PBXSourcesBuildPhase;
			buildActionMask = 2147483647;
			files = (
			);
			runOnlyForDeploymentPostprocessing = 0;
		};
/* End PBXSourcesBuildPhase section */

/* Begin PBXTargetDependency section */
		5B0000072FA18BFF00E1B28D /* PBXTargetDependency */ = {
			isa = PBXTargetDependency;
			target = 5B0000092FA18BFF00E1B28D /* Toolkit Finder */;
			targetProxy = 5B0000032FA18BFF00E1B28D /* PBXContainerItemProxy */;
		};
/* End PBXTargetDependency section */

/* Begin XCBuildConfiguration section */
		1DED557B2FA18C0100E1B28D /* Debug */ = {
			isa = XCBuildConfiguration;
			buildSettings = {
				ALWAYS_SEARCH_USER_PATHS = NO;
				ASSETCATALOG_COMPILER_GENERATE_SWIFT_ASSET_SYMBOL_EXTENSIONS = YES;
				CLANG_ANALYZER_NONNULL = YES;
				CLANG_ANALYZER_NUMBER_OBJECT_CONVERSION = YES_AGGRESSIVE;
				CLANG_CXX_LANGUAGE_STANDARD = "gnu++20";
				CLANG_ENABLE_MODULES = YES;
				CLANG_ENABLE_OBJC_ARC = YES;
				CLANG_ENABLE_OBJC_WEAK = YES;
				CLANG_WARN_BLOCK_CAPTURE_AUTORELEASING = YES;
				CLANG_WARN_BOOL_CONVERSION = YES;
				CLANG_WARN_COMMA = YES;
				CLANG_WARN_CONSTANT_CONVERSION = YES;
				CLANG_WARN_DEPRECATED_OBJC_IMPLEMENTATIONS = YES;
				CLANG_WARN_DIRECT_OBJC_ISA_USAGE = YES_ERROR;
				CLANG_WARN_DOCUMENTATION_COMMENTS = YES;
				CLANG_WARN_EMPTY_BODY = YES;
				CLANG_WARN_ENUM_CONVERSION = YES;
				CLANG_WARN_INFINITE_RECURSION = YES;
				CLANG_WARN_INT_CONVERSION = YES;
				CLANG_WARN_NON_LITERAL_NULL_CONVERSION = YES;
				CLANG_WARN_OBJC_IMPLICIT_RETAIN_SELF = YES;
				CLANG_WARN_OBJC_LITERAL_CONVERSION = YES;
				CLANG_WARN_OBJC_ROOT_CLASS = YES_ERROR;
				CLANG_WARN_QUOTED_INCLUDE_IN_FRAMEWORK_HEADER = YES;
				CLANG_WARN_RANGE_LOOP_ANALYSIS = YES;
				CLANG_WARN_STRICT_PROTOTYPES = YES;
				CLANG_WARN_SUSPICIOUS_MOVE = YES;
				CLANG_WARN_UNGUARDED_AVAILABILITY = YES_AGGRESSIVE;
				CLANG_WARN_UNREACHABLE_CODE = YES;
				CLANG_WARN__DUPLICATE_METHOD_MATCH = YES;
				COPY_PHASE_STRIP = NO;
				DEBUG_INFORMATION_FORMAT = dwarf;
				ENABLE_STRICT_OBJC_MSGSEND = YES;
				ENABLE_TESTABILITY = YES;
				ENABLE_USER_SCRIPT_SANDBOXING = YES;
				GCC_C_LANGUAGE_STANDARD = gnu17;
				GCC_DYNAMIC_NO_PIC = NO;
				GCC_NO_COMMON_BLOCKS = YES;
				GCC_OPTIMIZATION_LEVEL = 0;
				GCC_PREPROCESSOR_DEFINITIONS = (
					"DEBUG=1",
					"$(inherited)",
				);
				GCC_WARN_64_TO_32_BIT_CONVERSION = YES;
				GCC_WARN_ABOUT_RETURN_TYPE = YES_ERROR;
				GCC_WARN_UNDECLARED_SELECTOR = YES;
				GCC_WARN_UNINITIALIZED_AUTOS = YES_AGGRESSIVE;
				GCC_WARN_UNUSED_FUNCTION = YES;
				GCC_WARN_UNUSED_VARIABLE = YES;
				LOCALIZATION_PREFERS_STRING_CATALOGS = YES;
				MACOSX_DEPLOYMENT_TARGET = 26.2;
				MTL_ENABLE_DEBUG_INFO = INCLUDE_SOURCE;
				MTL_FAST_MATH = YES;
				ONLY_ACTIVE_ARCH = YES;
				SDKROOT = macosx;
				SWIFT_ACTIVE_COMPILATION_CONDITIONS = "DEBUG $(inherited)";
				SWIFT_OPTIMIZATION_LEVEL = "-Onone";
			};
			name = Debug;
		};
		1DED557C2FA18C0100E1B28D /* Release */ = {
			isa = XCBuildConfiguration;
			buildSettings = {
				ALWAYS_SEARCH_USER_PATHS = NO;
				ASSETCATALOG_COMPILER_GENERATE_SWIFT_ASSET_SYMBOL_EXTENSIONS = YES;
				CLANG_ANALYZER_NONNULL = YES;
				CLANG_ANALYZER_NUMBER_OBJECT_CONVERSION = YES_AGGRESSIVE;
				CLANG_CXX_LANGUAGE_STANDARD = "gnu++20";
				CLANG_ENABLE_MODULES = YES;
				CLANG_ENABLE_OBJC_ARC = YES;
				CLANG_ENABLE_OBJC_WEAK = YES;
				CLANG_WARN_BLOCK_CAPTURE_AUTORELEASING = YES;
				CLANG_WARN_BOOL_CONVERSION = YES;
				CLANG_WARN_COMMA = YES;
				CLANG_WARN_CONSTANT_CONVERSION = YES;
				CLANG_WARN_DEPRECATED_OBJC_IMPLEMENTATIONS = YES;
				CLANG_WARN_DIRECT_OBJC_ISA_USAGE = YES_ERROR;
				CLANG_WARN_DOCUMENTATION_COMMENTS = YES;
				CLANG_WARN_EMPTY_BODY = YES;
				CLANG_WARN_ENUM_CONVERSION = YES;
				CLANG_WARN_INFINITE_RECURSION = YES;
				CLANG_WARN_INT_CONVERSION = YES;
				CLANG_WARN_NON_LITERAL_NULL_CONVERSION = YES;
				CLANG_WARN_OBJC_IMPLICIT_RETAIN_SELF = YES;
				CLANG_WARN_OBJC_LITERAL_CONVERSION = YES;
				CLANG_WARN_OBJC_ROOT_CLASS = YES_ERROR;
				CLANG_WARN_QUOTED_INCLUDE_IN_FRAMEWORK_HEADER = YES;
				CLANG_WARN_RANGE_LOOP_ANALYSIS = YES;
				CLANG_WARN_STRICT_PROTOTYPES = YES;
				CLANG_WARN_SUSPICIOUS_MOVE = YES;
				CLANG_WARN_UNGUARDED_AVAILABILITY = YES_AGGRESSIVE;
				CLANG_WARN_UNREACHABLE_CODE = YES;
				CLANG_WARN__DUPLICATE_METHOD_MATCH = YES;
				COPY_PHASE_STRIP = NO;
				DEBUG_INFORMATION_FORMAT = "dwarf-with-dsym";
				ENABLE_NS_ASSERTIONS = NO;
				ENABLE_STRICT_OBJC_MSGSEND = YES;
				ENABLE_USER_SCRIPT_SANDBOXING = YES;
				GCC_C_LANGUAGE_STANDARD = gnu17;
				GCC_NO_COMMON_BLOCKS = YES;
				GCC_WARN_64_TO_32_BIT_CONVERSION = YES;
				GCC_WARN_ABOUT_RETURN_TYPE = YES_ERROR;
				GCC_WARN_UNDECLARED_SELECTOR = YES;
				GCC_WARN_UNINITIALIZED_AUTOS = YES_AGGRESSIVE;
				GCC_WARN_UNUSED_FUNCTION = YES;
				GCC_WARN_UNUSED_VARIABLE = YES;
				LOCALIZATION_PREFERS_STRING_CATALOGS = YES;
				MACOSX_DEPLOYMENT_TARGET = 26.2;
				MTL_ENABLE_DEBUG_INFO = NO;
				MTL_FAST_MATH = YES;
				SDKROOT = macosx;
				SWIFT_COMPILATION_MODE = wholemodule;
			};
			name = Release;
		};
		1DED557E2FA18C0100E1B28D /* Debug */ = {
			isa = XCBuildConfiguration;
			buildSettings = {
				ASSETCATALOG_COMPILER_APPICON_NAME = AppIcon;
				ASSETCATALOG_COMPILER_GLOBAL_ACCENT_COLOR_NAME = AccentColor;
				CODE_SIGN_STYLE = Automatic;
				COMBINE_HIDPI_IMAGES = YES;
				CURRENT_PROJECT_VERSION = 1;
				ENABLE_APP_SANDBOX = NO;
				ENABLE_PREVIEWS = YES;
				ENABLE_USER_SCRIPT_SANDBOXING = NO;
				ENABLE_USER_SELECTED_FILES = readonly;
				GENERATE_INFOPLIST_FILE = NO;
				INFOPLIST_FILE = Toolkit/Info.plist;
				LD_RUNPATH_SEARCH_PATHS = (
					"$(inherited)",
					"@executable_path/../Frameworks",
				);
				MARKETING_VERSION = 1.0;
				PRODUCT_BUNDLE_IDENTIFIER = com.tk.toolkit.mac.debug;
				PRODUCT_NAME = "Toolkit Debug";
				REGISTER_APP_GROUPS = YES;
				STRING_CATALOG_GENERATE_SYMBOLS = YES;
				SWIFT_APPROACHABLE_CONCURRENCY = YES;
				SWIFT_DEFAULT_ACTOR_ISOLATION = MainActor;
				SWIFT_EMIT_LOC_STRINGS = YES;
				SWIFT_UPCOMING_FEATURE_MEMBER_IMPORT_VISIBILITY = YES;
				SWIFT_VERSION = 5.0;
			};
			name = Debug;
		};
		1DED557F2FA18C0100E1B28D /* Release */ = {
			isa = XCBuildConfiguration;
			buildSettings = {
				ASSETCATALOG_COMPILER_APPICON_NAME = AppIcon;
				ASSETCATALOG_COMPILER_GLOBAL_ACCENT_COLOR_NAME = AccentColor;
				CODE_SIGN_STYLE = Automatic;
				COMBINE_HIDPI_IMAGES = YES;
				CURRENT_PROJECT_VERSION = 1;
				ENABLE_APP_SANDBOX = NO;
				ENABLE_PREVIEWS = YES;
				ENABLE_USER_SELECTED_FILES = readonly;
				GENERATE_INFOPLIST_FILE = NO;
				INFOPLIST_FILE = Toolkit/Info.plist;
				LD_RUNPATH_SEARCH_PATHS = (
					"$(inherited)",
					"@executable_path/../Frameworks",
				);
				MARKETING_VERSION = 1.0;
				PRODUCT_BUNDLE_IDENTIFIER = com.tk.toolkit.mac;
				PRODUCT_NAME = Toolkit;
				REGISTER_APP_GROUPS = YES;
				STRING_CATALOG_GENERATE_SYMBOLS = YES;
				SWIFT_APPROACHABLE_CONCURRENCY = YES;
				SWIFT_DEFAULT_ACTOR_ISOLATION = MainActor;
				SWIFT_EMIT_LOC_STRINGS = YES;
				SWIFT_UPCOMING_FEATURE_MEMBER_IMPORT_VISIBILITY = YES;
				SWIFT_VERSION = 5.0;
			};
			name = Release;
		};
		5B00000C2FA18BFF00E1B28D /* Debug */ = {
			isa = XCBuildConfiguration;
			buildSettings = {
				APPLICATION_EXTENSION_API_ONLY = YES;
				CODE_SIGN_STYLE = Automatic;
				CURRENT_PROJECT_VERSION = 1;
				ENABLE_APP_SANDBOX = YES;
				ENABLE_PREVIEWS = NO;
				ENABLE_USER_SELECTED_FILES = readonly;
				GENERATE_INFOPLIST_FILE = NO;
				INFOPLIST_FILE = ToolkitShareExtension/Info.plist;
				LD_RUNPATH_SEARCH_PATHS = (
					"$(inherited)",
					"@executable_path/../../Frameworks",
					"@executable_path/../Frameworks",
				);
				MARKETING_VERSION = 1.0;
				PRODUCT_BUNDLE_IDENTIFIER = com.tk.toolkit.mac.debug.shareextension;
				PRODUCT_MODULE_NAME = ToolkitShareExtension;
				PRODUCT_NAME = "Toolkit Finder";
				SKIP_INSTALL = YES;
				STRING_CATALOG_GENERATE_SYMBOLS = YES;
				SWIFT_EMIT_LOC_STRINGS = YES;
				SWIFT_VERSION = 5.0;
			};
			name = Debug;
		};
		5B00000D2FA18BFF00E1B28D /* Release */ = {
			isa = XCBuildConfiguration;
			buildSettings = {
				APPLICATION_EXTENSION_API_ONLY = YES;
				CODE_SIGN_STYLE = Automatic;
				CURRENT_PROJECT_VERSION = 1;
				ENABLE_APP_SANDBOX = YES;
				ENABLE_PREVIEWS = NO;
				ENABLE_USER_SELECTED_FILES = readonly;
				GENERATE_INFOPLIST_FILE = NO;
				INFOPLIST_FILE = ToolkitShareExtension/Info.plist;
				LD_RUNPATH_SEARCH_PATHS = (
					"$(inherited)",
					"@executable_path/../../Frameworks",
					"@executable_path/../Frameworks",
				);
				MARKETING_VERSION = 1.0;
				PRODUCT_BUNDLE_IDENTIFIER = com.tk.toolkit.mac.shareextension;
				PRODUCT_MODULE_NAME = ToolkitShareExtension;
				PRODUCT_NAME = "Toolkit Finder";
				SKIP_INSTALL = YES;
				STRING_CATALOG_GENERATE_SYMBOLS = YES;
				SWIFT_EMIT_LOC_STRINGS = YES;
				SWIFT_VERSION = 5.0;
			};
			name = Release;
		};
/* End XCBuildConfiguration section */

/* Begin XCConfigurationList section */
		1DED556D2FA18BFF00E1B28D /* Build configuration list for PBXProject "Toolkit" */ = {
			isa = XCConfigurationList;
			buildConfigurations = (
				1DED557B2FA18C0100E1B28D /* Debug */,
				1DED557C2FA18C0100E1B28D /* Release */,
			);
			defaultConfigurationIsVisible = 0;
			defaultConfigurationName = Release;
		};
		1DED557D2FA18C0100E1B28D /* Build configuration list for PBXNativeTarget "Toolkit" */ = {
			isa = XCConfigurationList;
			buildConfigurations = (
				1DED557E2FA18C0100E1B28D /* Debug */,
				1DED557F2FA18C0100E1B28D /* Release */,
			);
			defaultConfigurationIsVisible = 0;
			defaultConfigurationName = Release;
		};
		5B0000102FA18BFF00E1B28D /* Build configuration list for PBXNativeTarget "Toolkit Finder" */ = {
			isa = XCConfigurationList;
			buildConfigurations = (
				5B00000C2FA18BFF00E1B28D /* Debug */,
				5B00000D2FA18BFF00E1B28D /* Release */,
			);
			defaultConfigurationIsVisible = 0;
			defaultConfigurationName = Release;
		};
/* End XCConfigurationList section */
	};
	rootObject = 1DED556A2FA18BFF00E1B28D /* Project object */;
}
